github.com/EugeneNail/vox/lib-common v0.0.1 h1:gJ6RKI/IP78h+ytTDkCTZQv8aWmhpcX4dp1sjgXixWI=
github.com/EugeneNail/vox/lib-common v0.0.1/go.mod h1:36tQX5qq5dQroubasT+EJOiF+tRxa+wzFCN04vHTJoI=
github.com/samborkent/uuidv7 v0.0.0-20231110121620-f2e19d87e48b h1:39v+thWy220bPAl5iP0p0b1s5DXmrtidMFRZqYsmEfI=
github.com/samborkent/uuidv7 v0.0.0-20231110121620-f2e19d87e48b/go.mod h1:Z46aLAe76cDDo+W1m5zVg+KeB+4P2+xWENVEFFzbBuQ=
